// !$*UTF8*$!
{
	archiveVersion = 1;
	classes = {
	};
	objectVersion = 60;
	objects = {

/* Begin PBXBuildFile section */
		0CF540C3A54C9A29D2E39EA7 /* content-regional.json in Resources */ = {isa = PBXBuildFile; fileRef = 673B4FBCAB5CDBF827CD47E8 /* content-regional.json */; };
		239E9D82C01479C2ED7EEC06 /* content.json in Resources */ = {isa = PBXBuildFile; fileRef = 872198943BE056EA5F0FC626 /* content.json */; };
		3611B7572084BA7AD2D81FC9 /* NotificationTrigger.swift in Sources */ = {isa = PBXBuildFile; fileRef = B024B2F27A91FCDD97EBFAD5 /* NotificationTrigger.swift */; };
		637D9AD97D6D20DA06143E75 /* FoodView.swift in Sources */ = {isa = PBXBuildFile; fileRef = F9D9D94092936D922A9E2320 /* FoodView.swift */; };
		6502AE5243A2D695CB84C910 /* TriggerPlan.swift in Sources */ = {isa = PBXBuildFile; fileRef = 0232890D655330EAF1D283BA /* TriggerPlan.swift */; };
		673F0A634014771E641FA6BD /* ContentResolver.swift in Sources */ = {isa = PBXBuildFile; fileRef = E56B9DC95D1A9DEF3B1D6435 /* ContentResolver.swift */; };
		68896CADFD7C10F4F3F58EA2 /* content.schema.json in Resources */ = {isa = PBXBuildFile; fileRef = A89112781E867F0B7B04F1B6 /* content.schema.json */; };
		A40DFAF8C6A11E36D92E94D5 /* ContentModels.swift in Sources */ = {isa = PBXBuildFile; fileRef = EBBB1BBCBB401F908769C4CD /* ContentModels.swift */; };
		A844B13B424110AC1DDCB20C /* ContentResolving.swift in Sources */ = {isa = PBXBuildFile; fileRef = 01632AD939370E86F825E552 /* ContentResolving.swift */; };
		AA000000000000000000041 /* PanchangApp.swift in Sources */ = {isa = PBXBuildFile; fileRef = AA000000000000000000040 /* PanchangApp.swift */; };
		AA000000000000000000043 /* TodayView.swift in Sources */ = {isa = PBXBuildFile; fileRef = AA000000000000000000042 /* TodayView.swift */; };
		AA000000000000000000045 /* Assets.xcassets in Resources */ = {isa = PBXBuildFile; fileRef = AA000000000000000000044 /* Assets.xcassets */; };
		AA000000000000000000082 /* PanchangKit in Frameworks */ = {isa = PBXBuildFile; productRef = AA000000000000000000081 /* PanchangKit */; };
		AA0000000000000000000A2 /* AppModels.swift in Sources */ = {isa = PBXBuildFile; fileRef = AA0000000000000000000A1 /* AppModels.swift */; };
		AA0000000000000000000B2 /* PanchangService.swift in Sources */ = {isa = PBXBuildFile; fileRef = AA0000000000000000000B1 /* PanchangService.swift */; };
		AA0000000000000000000C2 /* TodayViewModel.swift in Sources */ = {isa = PBXBuildFile; fileRef = AA0000000000000000000C1 /* TodayViewModel.swift */; };
		AA0000000000000000000D2 /* CalendarViewModel.swift in Sources */ = {isa = PBXBuildFile; fileRef = AA0000000000000000000D1 /* CalendarViewModel.swift */; };
		AA0000000000000000000E2 /* CalendarView.swift in Sources */ = {isa = PBXBuildFile; fileRef = AA0000000000000000000E1 /* CalendarView.swift */; };
		AA0000000000000000000F2 /* DayCell.swift in Sources */ = {isa = PBXBuildFile; fileRef = AA0000000000000000000F1 /* DayCell.swift */; };
		AA000000000000000000102 /* DayDetailView.swift in Sources */ = {isa = PBXBuildFile; fileRef = AA000000000000000000101 /* DayDetailView.swift */; };
		AA000000000000000000112 /* LocationManager.swift in Sources */ = {isa = PBXBuildFile; fileRef = AA000000000000000000111 /* LocationManager.swift */; };
		AA000000000000000000122 /* LocationSearchView.swift in Sources */ = {isa = PBXBuildFile; fileRef = AA000000000000000000121 /* LocationSearchView.swift */; };
		AA000000000000000000132 /* SettingsView.swift in Sources */ = {isa = PBXBuildFile; fileRef = AA000000000000000000131 /* SettingsView.swift */; };
		AA000000000000000000142 /* FestivalService.swift in Sources */ = {isa = PBXBuildFile; fileRef = AA000000000000000000141 /* FestivalService.swift */; };
		AA000000000000000000172 /* ScriptRenderer.swift in Sources */ = {isa = PBXBuildFile; fileRef = AA000000000000000000171 /* ScriptRenderer.swift */; };
		AA000000000000000000182 /* MuhurtaView.swift in Sources */ = {isa = PBXBuildFile; fileRef = AA000000000000000000181 /* MuhurtaView.swift */; };
		AA000000000000000000192 /* KundliView.swift in Sources */ = {isa = PBXBuildFile; fileRef = AA000000000000000000191 /* KundliView.swift */; };
		AA000000000000000000194 /* KundliViewModel.swift in Sources */ = {isa = PBXBuildFile; fileRef = AA000000000000000000193 /* KundliViewModel.swift */; };
		AA000000000000000000196 /* ChartView.swift in Sources */ = {isa = PBXBuildFile; fileRef = AA000000000000000000195 /* ChartView.swift */; };
		AA000000000000000000198 /* PlanetTableView.swift in Sources */ = {isa = PBXBuildFile; fileRef = AA000000000000000000197 /* PlanetTableView.swift */; };
		AA00000000000000000019A /* DashaTimelineView.swift in Sources */ = {isa = PBXBuildFile; fileRef = AA000000000000000000199 /* DashaTimelineView.swift */; };
		AA00000000000000000019C /* BirthProfileFormView.swift in Sources */ = {isa = PBXBuildFile; fileRef = AA00000000000000000019B /* BirthProfileFormView.swift */; };
		D446CBBE7BB4472E464FC490 /* OnboardingView.swift in Sources */ = {isa = PBXBuildFile; fileRef = B311619D02035F36CE12044E /* OnboardingView.swift */; };
		DEAC9F5240D8769ADCB64055 /* ContentStore.swift in Sources */ = {isa = PBXBuildFile; fileRef = 43ED1C2D59CB02E8516403F8 /* ContentStore.swift */; };
		F00938B4BB53728B648D3489 /* FestivalDetailView.swift in Sources */ = {isa = PBXBuildFile; fileRef = 9A7B302F21FCBF986E7CE8C0 /* FestivalDetailView.swift */; };
		F8D07DB15A7F8E30B4FC0700 /* HeartbeatListView.swift in Sources */ = {isa = PBXBuildFile; fileRef = 53EE2581376FA4F065CAB057 /* HeartbeatListView.swift */; };
		F962B85F3CA5ACF74CDEB318 /* NotificationScheduler.swift in Sources */ = {isa = PBXBuildFile; fileRef = B17CB5582CE845C223E44B46 /* NotificationScheduler.swift */; };
/* End PBXBuildFile section */

/* Begin PBXFileReference section */
		01632AD939370E86F825E552 /* ContentResolving.swift */ = {isa = PBXFileReference; includeInIndex = 1; lastKnownFileType = sourcecode.swift; name = ContentResolving.swift; path = Services/ContentService/ContentResolving.swift; sourceTree = "<group>"; };
		0232890D655330EAF1D283BA /* TriggerPlan.swift */ = {isa = PBXFileReference; includeInIndex = 1; lastKnownFileType = sourcecode.swift; name = TriggerPlan.swift; path = Features/Notifications/TriggerPlan.swift; sourceTree = "<group>"; };
		43ED1C2D59CB02E8516403F8 /* ContentStore.swift */ = {isa = PBXFileReference; includeInIndex = 1; lastKnownFileType = sourcecode.swift; name = ContentStore.swift; path = Services/ContentService/ContentStore.swift; sourceTree = "<group>"; };
		53EE2581376FA4F065CAB057 /* HeartbeatListView.swift */ = {isa = PBXFileReference; includeInIndex = 1; lastKnownFileType = sourcecode.swift; name = HeartbeatListView.swift; path = Features/DeepDive/HeartbeatListView.swift; sourceTree = "<group>"; };
		673B4FBCAB5CDBF827CD47E8 /* content-regional.json */ = {isa = PBXFileReference; includeInIndex = 1; name = "content-regional.json"; path = "Resources/Content/content-regional.json"; sourceTree = "<group>"; };
		872198943BE056EA5F0FC626 /* content.json */ = {isa = PBXFileReference; includeInIndex = 1; name = content.json; path = Resources/Content/content.json; sourceTree = "<group>"; };
		9A7B302F21FCBF986E7CE8C0 /* FestivalDetailView.swift */ = {isa = PBXFileReference; includeInIndex = 1; lastKnownFileType = sourcecode.swift; name = FestivalDetailView.swift; path = Features/DeepDive/FestivalDetailView.swift; sourceTree = "<group>"; };
		A89112781E867F0B7B04F1B6 /* content.schema.json */ = {isa = PBXFileReference; includeInIndex = 1; name = content.schema.json; path = Resources/Content/content.schema.json; sourceTree = "<group>"; };
		AA000000000000000000040 /* PanchangApp.swift */ = {isa = PBXFileReference; lastKnownFileType = sourcecode.swift; path = PanchangApp.swift; sourceTree = "<group>"; };
		AA000000000000000000042 /* TodayView.swift */ = {isa = PBXFileReference; lastKnownFileType = sourcecode.swift; path = TodayView.swift; sourceTree = "<group>"; };
		AA000000000000000000044 /* Assets.xcassets */ = {isa = PBXFileReference; lastKnownFileType = folder.assetcatalog; path = Assets.xcassets; sourceTree = "<group>"; };
		AA000000000000000000060 /* PanchangApp.app */ = {isa = PBXFileReference; explicitFileType = wrapper.application; includeInIndex = 0; path = PanchangApp.app; sourceTree = BUILT_PRODUCTS_DIR; };
		AA000000000000000000090 /* Signing.xcconfig */ = {isa = PBXFileReference; lastKnownFileType = text.xcconfig; path = Signing.xcconfig; sourceTree = "<group>"; };
		AA0000000000000000000A1 /* AppModels.swift */ = {isa = PBXFileReference; lastKnownFileType = sourcecode.swift; path = AppModels.swift; sourceTree = "<group>"; };
		AA0000000000000000000B1 /* PanchangService.swift */ = {isa = PBXFileReference; lastKnownFileType = sourcecode.swift; path = PanchangService.swift; sourceTree = "<group>"; };
		AA0000000000000000000C1 /* TodayViewModel.swift */ = {isa = PBXFileReference; lastKnownFileType = sourcecode.swift; path = TodayViewModel.swift; sourceTree = "<group>"; };
		AA0000000000000000000D1 /* CalendarViewModel.swift */ = {isa = PBXFileReference; lastKnownFileType = sourcecode.swift; path = CalendarViewModel.swift; sourceTree = "<group>"; };
		AA0000000000000000000E1 /* CalendarView.swift */ = {isa = PBXFileReference; lastKnownFileType = sourcecode.swift; path = CalendarView.swift; sourceTree = "<group>"; };
		AA0000000000000000000F1 /* DayCell.swift */ = {isa = PBXFileReference; lastKnownFileType = sourcecode.swift; path = DayCell.swift; sourceTree = "<group>"; };
		AA000000000000000000101 /* DayDetailView.swift */ = {isa = PBXFileReference; lastKnownFileType = sourcecode.swift; path = DayDetailView.swift; sourceTree = "<group>"; };
		AA000000000000000000111 /* LocationManager.swift */ = {isa = PBXFileReference; lastKnownFileType = sourcecode.swift; path = LocationManager.swift; sourceTree = "<group>"; };
		AA000000000000000000121 /* LocationSearchView.swift */ = {isa = PBXFileReference; lastKnownFileType = sourcecode.swift; path = LocationSearchView.swift; sourceTree = "<group>"; };
		AA000000000000000000131 /* SettingsView.swift */ = {isa = PBXFileReference; lastKnownFileType = sourcecode.swift; path = SettingsView.swift; sourceTree = "<group>"; };
		AA000000000000000000141 /* FestivalService.swift */ = {isa = PBXFileReference; lastKnownFileType = sourcecode.swift; path = FestivalService.swift; sourceTree = "<group>"; };
		AA000000000000000000171 /* ScriptRenderer.swift */ = {isa = PBXFileReference; lastKnownFileType = sourcecode.swift; path = ScriptRenderer.swift; sourceTree = "<group>"; };
		AA000000000000000000181 /* MuhurtaView.swift */ = {isa = PBXFileReference; lastKnownFileType = sourcecode.swift; path = MuhurtaView.swift; sourceTree = "<group>"; };
		AA000000000000000000191 /* KundliView.swift */ = {isa = PBXFileReference; lastKnownFileType = sourcecode.swift; path = KundliView.swift; sourceTree = "<group>"; };
		AA000000000000000000193 /* KundliViewModel.swift */ = {isa = PBXFileReference; lastKnownFileType = sourcecode.swift; path = KundliViewModel.swift; sourceTree = "<group>"; };
		AA000000000000000000195 /* ChartView.swift */ = {isa = PBXFileReference; lastKnownFileType = sourcecode.swift; path = ChartView.swift; sourceTree = "<group>"; };
		AA000000000000000000197 /* PlanetTableView.swift */ = {isa = PBXFileReference; lastKnownFileType = sourcecode.swift; path = PlanetTableView.swift; sourceTree = "<group>"; };
		AA000000000000000000199 /* DashaTimelineView.swift */ = {isa = PBXFileReference; lastKnownFileType = sourcecode.swift; path = DashaTimelineView.swift; sourceTree = "<group>"; };
		AA00000000000000000019B /* BirthProfileFormView.swift */ = {isa = PBXFileReference; lastKnownFileType = sourcecode.swift; path = BirthProfileFormView.swift; sourceTree = "<group>"; };
		B024B2F27A91FCDD97EBFAD5 /* NotificationTrigger.swift */ = {isa = PBXFileReference; includeInIndex = 1; lastKnownFileType = sourcecode.swift; name = NotificationTrigger.swift; path = Services/ContentService/NotificationTrigger.swift; sourceTree = "<group>"; };
		B17CB5582CE845C223E44B46 /* NotificationScheduler.swift */ = {isa = PBXFileReference; includeInIndex = 1; lastKnownFileType = sourcecode.swift; name = NotificationScheduler.swift; path = Features/Notifications/NotificationScheduler.swift; sourceTree = "<group>"; };
		B311619D02035F36CE12044E /* OnboardingView.swift */ = {isa = PBXFileReference; includeInIndex = 1; lastKnownFileType = sourcecode.swift; name = OnboardingView.swift; path = Features/Onboarding/OnboardingView.swift; sourceTree = "<group>"; };
		E56B9DC95D1A9DEF3B1D6435 /* ContentResolver.swift */ = {isa = PBXFileReference; includeInIndex = 1; lastKnownFileType = sourcecode.swift; name = ContentResolver.swift; path = Services/ContentService/ContentResolver.swift; sourceTree = "<group>"; };
		EBBB1BBCBB401F908769C4CD /* ContentModels.swift */ = {isa = PBXFileReference; includeInIndex = 1; lastKnownFileType = sourcecode.swift; name = ContentModels.swift; path = Services/ContentService/ContentModels.swift; sourceTree = "<group>"; };
		F9D9D94092936D922A9E2320 /* FoodView.swift */ = {isa = PBXFileReference; includeInIndex = 1; lastKnownFileType = sourcecode.swift; name = FoodView.swift; path = Features/Food/FoodView.swift; sourceTree = "<group>"; };
/* End PBXFileReference section */

/* Begin PBXFrameworksBuildPhase section */
		AA000000000000000000032 /* Frameworks */ = {
			isa = PBXFrameworksBuildPhase;
			buildActionMask = 2147483647;
			files = (
				AA000000000000000000082 /* PanchangKit in Frameworks */,
			);
			runOnlyForDeploymentPostprocessing = 0;
		};
/* End PBXFrameworksBuildPhase section */

/* Begin PBXGroup section */
		12ED51E8E19B370F9E0FB1E7 /* ContentService */ = {
			isa = PBXGroup;
			children = (
				EBBB1BBCBB401F908769C4CD /* ContentModels.swift */,
				E56B9DC95D1A9DEF3B1D6435 /* ContentResolver.swift */,
				01632AD939370E86F825E552 /* ContentResolving.swift */,
				43ED1C2D59CB02E8516403F8 /* ContentStore.swift */,
				B024B2F27A91FCDD97EBFAD5 /* NotificationTrigger.swift */,
			);
			name = ContentService;
			sourceTree = "<group>";
		};
		25D0EF67B45B1D21BFEF11B9 /* Food */ = {
			isa = PBXGroup;
			children = (
				F9D9D94092936D922A9E2320 /* FoodView.swift */,
			);
			name = Food;
			sourceTree = "<group>";
		};
		4795D31528C0EA669F120E3C /* Notifications */ = {
			isa = PBXGroup;
			children = (
				B17CB5582CE845C223E44B46 /* NotificationScheduler.swift */,
				0232890D655330EAF1D283BA /* TriggerPlan.swift */,
			);
			name = Notifications;
			sourceTree = "<group>";
		};
		49EDF936A1C0527312EC2702 /* DeepDive */ = {
			isa = PBXGroup;
			children = (
				9A7B302F21FCBF986E7CE8C0 /* FestivalDetailView.swift */,
				53EE2581376FA4F065CAB057 /* HeartbeatListView.swift */,
			);
			name = DeepDive;
			sourceTree = "<group>";
		};
		55451E64B18762A6B6A5E608 /* Resources */ = {
			isa = PBXGroup;
			children = (
				B8FAD675FAF263BF6EE32B62 /* Content */,
			);
			name = Resources;
			sourceTree = "<group>";
		};
		8FC7FA98861C654207241E34 /* Features */ = {
			isa = PBXGroup;
			children = (
				49EDF936A1C0527312EC2702 /* DeepDive */,
				25D0EF67B45B1D21BFEF11B9 /* Food */,
				4795D31528C0EA669F120E3C /* Notifications */,
				D79FECC339397D9E9BF0E002 /* Onboarding */,
			);
			name = Features;
			sourceTree = "<group>";
		};
		AA000000000000000000002 = {
			isa = PBXGroup;
			children = (
				AA000000000000000000050 /* PanchangApp */,
				AA000000000000000000090 /* Signing.xcconfig */,
				AA000000000000000000003 /* Products */,
			);
			sourceTree = "<group>";
		};
		AA000000000000000000003 /* Products */ = {
			isa = PBXGroup;
			children = (
				AA000000000000000000060 /* PanchangApp.app */,
			);
			name = Products;
			sourceTree = "<group>";
		};
		AA000000000000000000050 /* PanchangApp */ = {
			isa = PBXGroup;
			children = (
				AA000000000000000000051 /* App */,
				AA000000000000000000052 /* Features */,
				AA0000000000000000000D0 /* Models */,
				AA0000000000000000000E0 /* Services */,
				AA000000000000000000044 /* Assets.xcassets */,
				AA000000000000000000160 /* Festivals */,
				8FC7FA98861C654207241E34 /* Features */,
				EA85D301D6C6A978A0822556 /* Services */,
				55451E64B18762A6B6A5E608 /* Resources */,
			);
			path = PanchangApp;
			sourceTree = "<group>";
		};
		AA000000000000000000051 /* App */ = {
			isa = PBXGroup;
			children = (
				AA000000000000000000040 /* PanchangApp.swift */,
			);
			path = App;
			sourceTree = "<group>";
		};
		AA000000000000000000052 /* Features */ = {
			isa = PBXGroup;
			children = (
				AA000000000000000000053 /* Today */,
				AA000000000000000000180 /* Muhurta */,
				AA000000000000000000190 /* Kundli */,
				AA000000000000000000054 /* Calendar */,
				AA000000000000000000055 /* Settings */,
				AA000000000000000000150 /* Notifications */,
			);
			path = Features;
			sourceTree = "<group>";
		};
		AA000000000000000000053 /* Today */ = {
			isa = PBXGroup;
			children = (
				AA000000000000000000042 /* TodayView.swift */,
				AA0000000000000000000C1 /* TodayViewModel.swift */,
			);
			path = Today;
			sourceTree = "<group>";
		};
		AA000000000000000000054 /* Calendar */ = {
			isa = PBXGroup;
			children = (
				AA0000000000000000000D1 /* CalendarViewModel.swift */,
				AA0000000000000000000E1 /* CalendarView.swift */,
				AA0000000000000000000F1 /* DayCell.swift */,
				AA000000000000000000101 /* DayDetailView.swift */,
			);
			path = Calendar;
			sourceTree = "<group>";
		};
		AA000000000000000000055 /* Settings */ = {
			isa = PBXGroup;
			children = (
				AA000000000000000000111 /* LocationManager.swift */,
				AA000000000000000000121 /* LocationSearchView.swift */,
				AA000000000000000000131 /* SettingsView.swift */,
			);
			path = Settings;
			sourceTree = "<group>";
		};
		AA0000000000000000000D0 /* Models */ = {
			isa = PBXGroup;
			children = (
				AA0000000000000000000A1 /* AppModels.swift */,
			);
			path = Models;
			sourceTree = "<group>";
		};
		AA0000000000000000000E0 /* Services */ = {
			isa = PBXGroup;
			children = (
				AA0000000000000000000F0 /* PanchangService */,
				AA000000000000000000140 /* FestivalService */,
				AA000000000000000000170 /* ScriptRenderer */,
			);
			path = Services;
			sourceTree = "<group>";
		};
		AA0000000000000000000F0 /* PanchangService */ = {
			isa = PBXGroup;
			children = (
				AA0000000000000000000B1 /* PanchangService.swift */,
			);
			path = PanchangService;
			sourceTree = "<group>";
		};
		AA000000000000000000140 /* FestivalService */ = {
			isa = PBXGroup;
			children = (
				AA000000000000000000141 /* FestivalService.swift */,
			);
			path = FestivalService;
			sourceTree = "<group>";
		};
		AA000000000000000000150 /* Notifications */ = {
			isa = PBXGroup;
			children = (
			);
			path = Notifications;
			sourceTree = "<group>";
		};
		AA000000000000000000160 /* Festivals */ = {
			isa = PBXGroup;
			children = (
			);
			path = Resources/Festivals;
			sourceTree = "<group>";
		};
		AA000000000000000000170 /* ScriptRenderer */ = {
			isa = PBXGroup;
			children = (
				AA000000000000000000171 /* ScriptRenderer.swift */,
			);
			path = ScriptRenderer;
			sourceTree = "<group>";
		};
		AA000000000000000000180 /* Muhurta */ = {
			isa = PBXGroup;
			children = (
				AA000000000000000000181 /* MuhurtaView.swift */,
			);
			path = Muhurta;
			sourceTree = "<group>";
		};
		AA000000000000000000190 /* Kundli */ = {
			isa = PBXGroup;
			children = (
				AA000000000000000000191 /* KundliView.swift */,
				AA000000000000000000193 /* KundliViewModel.swift */,
				AA000000000000000000195 /* ChartView.swift */,
				AA000000000000000000197 /* PlanetTableView.swift */,
				AA000000000000000000199 /* DashaTimelineView.swift */,
				AA00000000000000000019B /* BirthProfileFormView.swift */,
			);
			path = Kundli;
			sourceTree = "<group>";
		};
		B8FAD675FAF263BF6EE32B62 /* Content */ = {
			isa = PBXGroup;
			children = (
				872198943BE056EA5F0FC626 /* content.json */,
				673B4FBCAB5CDBF827CD47E8 /* content-regional.json */,
				A89112781E867F0B7B04F1B6 /* content.schema.json */,
			);
			name = Content;
			sourceTree = "<group>";
		};
		D79FECC339397D9E9BF0E002 /* Onboarding */ = {
			isa = PBXGroup;
			children = (
				B311619D02035F36CE12044E /* OnboardingView.swift */,
			);
			name = Onboarding;
			sourceTree = "<group>";
		};
		EA85D301D6C6A978A0822556 /* Services */ = {
			isa = PBXGroup;
			children = (
				12ED51E8E19B370F9E0FB1E7 /* ContentService */,
			);
			name = Services;
			sourceTree = "<group>";
		};
/* End PBXGroup section */

/* Begin PBXNativeTarget section */
		AA000000000000000000010 /* PanchangApp */ = {
			isa = PBXNativeTarget;
			buildConfigurationList = AA000000000000000000011 /* Build configuration list for PBXNativeTarget "PanchangApp" */;
			buildPhases = (
				AA000000000000000000030 /* Sources */,
				AA000000000000000000031 /* Resources */,
				AA000000000000000000032 /* Frameworks */,
			);
			buildRules = (
			);
			dependencies = (
			);
			name = PanchangApp;
			packageProductDependencies = (
				AA000000000000000000081 /* PanchangKit */,
			);
			productName = PanchangApp;
			productReference = AA000000000000000000060 /* PanchangApp.app */;
			productType = "com.apple.product-type.application";
		};
/* End PBXNativeTarget section */

/* Begin PBXProject section */
		AA000000000000000000001 /* Project object */ = {
			isa = PBXProject;
			attributes = {
				BuildIndependentTargetsInParallel = 1;
				LastSwiftUpdateCheck = 1600;
				LastUpgradeCheck = 1600;
				TargetAttributes = {
					AA000000000000000000010 = {
						CreatedOnToolsVersion = 16.0;
					};
				};
			};
			buildConfigurationList = AA000000000000000000020 /* Build configuration list for PBXProject "PanchangApp" */;
			compatibilityVersion = "Xcode 14.0";
			developmentRegion = en;
			hasScannedForEncodings = 0;
			knownRegions = (
				en,
				Base,
			);
			mainGroup = AA000000000000000000002;
			packageReferences = (
				AA000000000000000000080 /* XCLocalSwiftPackageReference "PanchangKit" */,
			);
			productRefGroup = AA000000000000000000003 /* Products */;
			projectDirPath = "";
			projectRoot = "";
			targets = (
				AA000000000000000000010 /* PanchangApp */,
			);
		};
/* End PBXProject section */

/* Begin PBXResourcesBuildPhase section */
		AA000000000000000000031 /* Resources */ = {
			isa = PBXResourcesBuildPhase;
			buildActionMask = 2147483647;
			files = (
				AA000000000000000000045 /* Assets.xcassets in Resources */,
				239E9D82C01479C2ED7EEC06 /* content.json in Resources */,
				0CF540C3A54C9A29D2E39EA7 /* content-regional.json in Resources */,
				68896CADFD7C10F4F3F58EA2 /* content.schema.json in Resources */,
			);
			runOnlyForDeploymentPostprocessing = 0;
		};
/* End PBXResourcesBuildPhase section */

/* Begin PBXSourcesBuildPhase section */
		AA000000000000000000030 /* Sources */ = {
			isa = PBXSourcesBuildPhase;
			buildActionMask = 2147483647;
			files = (
				AA000000000000000000041 /* PanchangApp.swift in Sources */,
				AA000000000000000000043 /* TodayView.swift in Sources */,
				AA0000000000000000000A2 /* AppModels.swift in Sources */,
				AA0000000000000000000B2 /* PanchangService.swift in Sources */,
				AA0000000000000000000C2 /* TodayViewModel.swift in Sources */,
				AA0000000000000000000D2 /* CalendarViewModel.swift in Sources */,
				AA0000000000000000000E2 /* CalendarView.swift in Sources */,
				AA0000000000000000000F2 /* DayCell.swift in Sources */,
				AA000000000000000000102 /* DayDetailView.swift in Sources */,
				AA000000000000000000112 /* LocationManager.swift in Sources */,
				AA000000000000000000122 /* LocationSearchView.swift in Sources */,
				AA000000000000000000132 /* SettingsView.swift in Sources */,
				AA000000000000000000142 /* FestivalService.swift in Sources */,
				AA000000000000000000172 /* ScriptRenderer.swift in Sources */,
				AA000000000000000000182 /* MuhurtaView.swift in Sources */,
				AA000000000000000000192 /* KundliView.swift in Sources */,
				AA000000000000000000194 /* KundliViewModel.swift in Sources */,
				AA000000000000000000196 /* ChartView.swift in Sources */,
				AA000000000000000000198 /* PlanetTableView.swift in Sources */,
				AA00000000000000000019A /* DashaTimelineView.swift in Sources */,
				AA00000000000000000019C /* BirthProfileFormView.swift in Sources */,
				F00938B4BB53728B648D3489 /* FestivalDetailView.swift in Sources */,
				F8D07DB15A7F8E30B4FC0700 /* HeartbeatListView.swift in Sources */,
				637D9AD97D6D20DA06143E75 /* FoodView.swift in Sources */,
				F962B85F3CA5ACF74CDEB318 /* NotificationScheduler.swift in Sources */,
				6502AE5243A2D695CB84C910 /* TriggerPlan.swift in Sources */,
				D446CBBE7BB4472E464FC490 /* OnboardingView.swift in Sources */,
				A40DFAF8C6A11E36D92E94D5 /* ContentModels.swift in Sources */,
				673F0A634014771E641FA6BD /* ContentResolver.swift in Sources */,
				A844B13B424110AC1DDCB20C /* ContentResolving.swift in Sources */,
				DEAC9F5240D8769ADCB64055 /* ContentStore.swift in Sources */,
				3611B7572084BA7AD2D81FC9 /* NotificationTrigger.swift in Sources */,
			);
			runOnlyForDeploymentPostprocessing = 0;
		};
/* End PBXSourcesBuildPhase section */

/* Begin XCBuildConfiguration section */
		AA000000000000000000012 /* Debug */ = {
			isa = XCBuildConfiguration;
			baseConfigurationReference = AA000000000000000000090 /* Signing.xcconfig */;
			buildSettings = {
				ASSETCATALOG_COMPILER_APPICON_NAME = AppIcon;
				ASSETCATALOG_COMPILER_GLOBAL_ACCENT_COLOR_NAME = AccentColor;
				CODE_SIGN_STYLE = Automatic;
				CURRENT_PROJECT_VERSION = 1;
				DEVELOPMENT_TEAM = X9XT6KW58W;
				GENERATE_INFOPLIST_FILE = YES;
				INFOPLIST_KEY_NSLocationWhenInUseUsageDescription = "Panchang needs your location to calculate sunrise times and accurate panchang for your area.";
				INFOPLIST_KEY_NSRemindersUsageDescription = "Panchang needs Reminders access to add fast-break times and festival reminders you tap \"Add Reminder\" for.";
				INFOPLIST_KEY_UIApplicationSceneManifest_Generation = YES;
				INFOPLIST_KEY_UILaunchScreen_Generation = YES;
				INFOPLIST_KEY_UISupportedInterfaceOrientations_iPad = "UIInterfaceOrientationLandscapeLeft UIInterfaceOrientationLandscapeRight UIInterfaceOrientationPortrait UIInterfaceOrientationPortraitUpsideDown";
				INFOPLIST_KEY_UISupportedInterfaceOrientations_iPhone = "UIInterfaceOrientationLandscapeLeft UIInterfaceOrientationLandscapeRight UIInterfaceOrientationPortrait";
				IPHONEOS_DEPLOYMENT_TARGET = 17.0;
				LD_RUNPATH_SEARCH_PATHS = "@executable_path/Frameworks";
				MARKETING_VERSION = 1.0;
				PRODUCT_BUNDLE_IDENTIFIER = com.modak.panchang;
				PRODUCT_NAME = "$(TARGET_NAME)";
				SWIFT_EMIT_LOC_STRINGS = YES;
				SWIFT_STRICT_CONCURRENCY = complete;
				SWIFT_VERSION = 6.0;
				TARGETED_DEVICE_FAMILY = "1,2";
			};
			name = Debug;
		};
		AA000000000000000000013 /* Release */ = {
			isa = XCBuildConfiguration;
			baseConfigurationReference = AA000000000000000000090 /* Signing.xcconfig */;
			buildSettings = {
				ASSETCATALOG_COMPILER_APPICON_NAME = AppIcon;
				ASSETCATALOG_COMPILER_GLOBAL_ACCENT_COLOR_NAME = AccentColor;
				CODE_SIGN_STYLE = Automatic;
				CURRENT_PROJECT_VERSION = 1;
				DEVELOPMENT_TEAM = X9XT6KW58W;
				GENERATE_INFOPLIST_FILE = YES;
				INFOPLIST_KEY_NSLocationWhenInUseUsageDescription = "Panchang needs your location to calculate sunrise times and accurate panchang for your area.";
				INFOPLIST_KEY_NSRemindersUsageDescription = "Panchang needs Reminders access to add fast-break times and festival reminders you tap \"Add Reminder\" for.";
				INFOPLIST_KEY_UIApplicationSceneManifest_Generation = YES;
				INFOPLIST_KEY_UILaunchScreen_Generation = YES;
				INFOPLIST_KEY_UISupportedInterfaceOrientations_iPad = "UIInterfaceOrientationLandscapeLeft UIInterfaceOrientationLandscapeRight UIInterfaceOrientationPortrait UIInterfaceOrientationPortraitUpsideDown";
				INFOPLIST_KEY_UISupportedInterfaceOrientations_iPhone = "UIInterfaceOrientationLandscapeLeft UIInterfaceOrientationLandscapeRight UIInterfaceOrientationPortrait";
				IPHONEOS_DEPLOYMENT_TARGET = 17.0;
				LD_RUNPATH_SEARCH_PATHS = "@executable_path/Frameworks";
				MARKETING_VERSION = 1.0;
				PRODUCT_BUNDLE_IDENTIFIER = com.modak.panchang;
				PRODUCT_NAME = "$(TARGET_NAME)";
				SWIFT_EMIT_LOC_STRINGS = YES;
				SWIFT_STRICT_CONCURRENCY = complete;
				SWIFT_VERSION = 6.0;
				TARGETED_DEVICE_FAMILY = "1,2";
				VALIDATE_PRODUCT = YES;
			};
			name = Release;
		};
		AA000000000000000000021 /* Debug */ = {
			isa = XCBuildConfiguration;
			buildSettings = {
				ALWAYS_SEARCH_USER_PATHS = NO;
				CLANG_ANALYZER_NONNULL = YES;
				CLANG_CXX_LANGUAGE_STANDARD = "gnu++20";
				CLANG_ENABLE_MODULES = YES;
				CLANG_ENABLE_OBJC_ARC = YES;
				CLANG_ENABLE_OBJC_WEAK = YES;
				CLANG_WARN_BLOCK_CAPTURE_AUTORELEASING = YES;
				CLANG_WARN_BOOL_CONVERSION = YES;
				CLANG_WARN_COMMA = YES;
				CLANG_WARN_CONSTANT_CONVERSION = YES;
				CLANG_WARN_DEPRECATED_OBJC_IMPLEMENTATIONS = YES;
				CLANG_WARN_DIRECT_OBJC_ISA_USAGE = YES_ERROR;
				CLANG_WARN_DOCUMENTATION_COMMENTS = YES;
				CLANG_WARN_EMPTY_BODY = YES;
				CLANG_WARN_ENUM_CONVERSION = YES;
				CLANG_WARN_INFINITE_RECURSION = YES;
				CLANG_WARN_INT_CONVERSION = YES;
				CLANG_WARN_NON_LITERAL_NULL_CONVERSION = YES;
				CLANG_WARN_OBJC_IMPLICIT_RETAIN_CYCLE = YES;
				CLANG_WARN_OBJC_LITERAL_CONVERSION = YES;
				CLANG_WARN_OBJC_ROOT_CLASS = YES_ERROR;
				CLANG_WARN_QUOTED_INCLUDE_IN_FRAMEWORK_HEADER = YES;
				CLANG_WARN_RANGE_LOOP_ANALYSIS = YES;
				CLANG_WARN_STRICT_PROTOTYPES = YES;
				CLANG_WARN_SUSPICIOUS_MOVE = YES;
				CLANG_WARN_UNGUARDED_AVAILABILITY = YES_AGGRESSIVE;
				CLANG_WARN_UNREACHABLE_CODE = YES;
				CLANG_WARN__DUPLICATE_METHOD_MATCH = YES;
				COPY_PHASE_STRIP = NO;
				DEBUG_INFORMATION_FORMAT = dwarf;
				ENABLE_STRICT_OBJC_MSGSEND = YES;
				ENABLE_TESTABILITY = YES;
				GCC_C_LANGUAGE_STANDARD = gnu17;
				GCC_DYNAMIC_NO_PIC = NO;
				GCC_NO_COMMON_BLOCKS = YES;
				GCC_OPTIMIZATION_LEVEL = 0;
				GCC_PREPROCESSOR_DEFINITIONS = (
					"DEBUG=1",
					"$(inherited)",
				);
				GCC_WARN_64_TO_32_BIT_CONVERSION = YES;
				GCC_WARN_ABOUT_RETURN_TYPE = YES_ERROR;
				GCC_WARN_UNDECLARED_SELECTOR = YES;
				GCC_WARN_UNINITIALIZED_AUTOS = YES_AGGRESSIVE;
				GCC_WARN_UNUSED_FUNCTION = YES;
				GCC_WARN_UNUSED_VARIABLE = YES;
				IPHONEOS_DEPLOYMENT_TARGET = 17.0;
				MTL_ENABLE_DEBUG_INFO = INCLUDE_SOURCE;
				MTL_FAST_MATH = YES;
				ONLY_ACTIVE_ARCH = YES;
				SDKROOT = iphoneos;
				SWIFT_ACTIVE_COMPILATION_CONDITIONS = DEBUG;
				SWIFT_OPTIMIZATION_LEVEL = "-Onone";
			};
			name = Debug;
		};
		AA000000000000000000022 /* Release */ = {
			isa = XCBuildConfiguration;
			buildSettings = {
				ALWAYS_SEARCH_USER_PATHS = NO;
				CLANG_ANALYZER_NONNULL = YES;
				CLANG_CXX_LANGUAGE_STANDARD = "gnu++20";
				CLANG_ENABLE_MODULES = YES;
				CLANG_ENABLE_OBJC_ARC = YES;
				CLANG_ENABLE_OBJC_WEAK = YES;
				CLANG_WARN_BLOCK_CAPTURE_AUTORELEASING = YES;
				CLANG_WARN_BOOL_CONVERSION = YES;
				CLANG_WARN_COMMA = YES;
				CLANG_WARN_CONSTANT_CONVERSION = YES;
				CLANG_WARN_DEPRECATED_OBJC_IMPLEMENTATIONS = YES;
				CLANG_WARN_DIRECT_OBJC_ISA_USAGE = YES_ERROR;
				CLANG_WARN_DOCUMENTATION_COMMENTS = YES;
				CLANG_WARN_EMPTY_BODY = YES;
				CLANG_WARN_ENUM_CONVERSION = YES;
				CLANG_WARN_INFINITE_RECURSION = YES;
				CLANG_WARN_INT_CONVERSION = YES;
				CLANG_WARN_NON_LITERAL_NULL_CONVERSION = YES;
				CLANG_WARN_OBJC_IMPLICIT_RETAIN_CYCLE = YES;
				CLANG_WARN_OBJC_LITERAL_CONVERSION = YES;
				CLANG_WARN_OBJC_ROOT_CLASS = YES_ERROR;
				CLANG_WARN_QUOTED_INCLUDE_IN_FRAMEWORK_HEADER = YES;
				CLANG_WARN_RANGE_LOOP_ANALYSIS = YES;
				CLANG_WARN_STRICT_PROTOTYPES = YES;
				CLANG_WARN_SUSPICIOUS_MOVE = YES;
				CLANG_WARN_UNGUARDED_AVAILABILITY = YES_AGGRESSIVE;
				CLANG_WARN_UNREACHABLE_CODE = YES;
				CLANG_WARN__DUPLICATE_METHOD_MATCH = YES;
				COPY_PHASE_STRIP = NO;
				DEBUG_INFORMATION_FORMAT = "dwarf-with-dsym";
				ENABLE_NS_ASSERTIONS = NO;
				ENABLE_STRICT_OBJC_MSGSEND = YES;
				GCC_C_LANGUAGE_STANDARD = gnu17;
				GCC_NO_COMMON_BLOCKS = YES;
				GCC_WARN_64_TO_32_BIT_CONVERSION = YES;
				GCC_WARN_ABOUT_RETURN_TYPE = YES_ERROR;
				GCC_WARN_UNDECLARED_SELECTOR = YES;
				GCC_WARN_UNINITIALIZED_AUTOS = YES_AGGRESSIVE;
				GCC_WARN_UNUSED_FUNCTION = YES;
				GCC_WARN_UNUSED_VARIABLE = YES;
				IPHONEOS_DEPLOYMENT_TARGET = 17.0;
				MTL_FAST_MATH = YES;
				SDKROOT = iphoneos;
				SWIFT_COMPILATION_MODE = wholemodule;
				SWIFT_OPTIMIZATION_LEVEL = "-O";
			};
			name = Release;
		};
/* End XCBuildConfiguration section */

/* Begin XCConfigurationList section */
		AA000000000000000000011 /* Build configuration list for PBXNativeTarget "PanchangApp" */ = {
			isa = XCConfigurationList;
			buildConfigurations = (
				AA000000000000000000012 /* Debug */,
				AA000000000000000000013 /* Release */,
			);
			defaultConfigurationIsVisible = 0;
			defaultConfigurationName = Release;
		};
		AA000000000000000000020 /* Build configuration list for PBXProject "PanchangApp" */ = {
			isa = XCConfigurationList;
			buildConfigurations = (
				AA000000000000000000021 /* Debug */,
				AA000000000000000000022 /* Release */,
			);
			defaultConfigurationIsVisible = 0;
			defaultConfigurationName = Release;
		};
/* End XCConfigurationList section */

/* Begin XCLocalSwiftPackageReference section */
		AA000000000000000000080 /* XCLocalSwiftPackageReference "PanchangKit" */ = {
			isa = XCLocalSwiftPackageReference;
			relativePath = PanchangKit;
		};
/* End XCLocalSwiftPackageReference section */

/* Begin XCSwiftPackageProductDependency section */
		AA000000000000000000081 /* PanchangKit */ = {
			isa = XCSwiftPackageProductDependency;
			package = AA000000000000000000080 /* XCLocalSwiftPackageReference "PanchangKit" */;
			productName = PanchangKit;
		};
/* End XCSwiftPackageProductDependency section */
	};
	rootObject = AA000000000000000000001 /* Project object */;
}
