// !$*UTF8*$!
{
	archiveVersion = 1;
	classes = {
	};
	objectVersion = 77;
	objects = {

/* Begin PBXBuildFile section */
		AA000000000000000000041 /* PanchangApp.swift in Sources */ = {isa = PBXBuildFile; fileRef = AA000000000000000000040 /* PanchangApp.swift */; };
		AA000000000000000000043 /* TodayView.swift in Sources */ = {isa = PBXBuildFile; fileRef = AA000000000000000000042 /* TodayView.swift */; };
		AA000000000000000000045 /* Assets.xcassets in Resources */ = {isa = PBXBuildFile; fileRef = AA000000000000000000044 /* Assets.xcassets */; };
		AA000000000000000000082 /* PanchangKit in Frameworks */ = {isa = PBXBuildFile; productRef = AA000000000000000000081 /* PanchangKit */; };
		AA0000000000000000000A2 /* AppModels.swift in Sources */ = {isa = PBXBuildFile; fileRef = AA0000000000000000000A1 /* AppModels.swift */; };
		AA0000000000000000000B2 /* PanchangService.swift in Sources */ = {isa = PBXBuildFile; fileRef = AA0000000000000000000B1 /* PanchangService.swift */; };
		AA0000000000000000000C2 /* TodayViewModel.swift in Sources */ = {isa = PBXBuildFile; fileRef = AA0000000000000000000C1 /* TodayViewModel.swift */; };
		AA0000000000000000000D2 /* CalendarViewModel.swift in Sources */ = {isa = PBXBuildFile; fileRef = AA0000000000000000000D1 /* CalendarViewModel.swift */; };
		AA0000000000000000000E2 /* CalendarView.swift in Sources */ = {isa = PBXBuildFile; fileRef = AA0000000000000000000E1 /* CalendarView.swift */; };
		AA0000000000000000000F2 /* DayCell.swift in Sources */ = {isa = PBXBuildFile; fileRef = AA0000000000000000000F1 /* DayCell.swift */; };
		AA000000000000000000102 /* DayDetailView.swift in Sources */ = {isa = PBXBuildFile; fileRef = AA000000000000000000101 /* DayDetailView.swift */; };
		AA000000000000000000112 /* LocationManager.swift in Sources */ = {isa = PBXBuildFile; fileRef = AA000000000000000000111 /* LocationManager.swift */; };
		AA000000000000000000122 /* LocationSearchView.swift in Sources */ = {isa = PBXBuildFile; fileRef = AA000000000000000000121 /* LocationSearchView.swift */; };
		AA000000000000000000132 /* SettingsView.swift in Sources */ = {isa = PBXBuildFile; fileRef = AA000000000000000000131 /* SettingsView.swift */; };
		AA000000000000000000142 /* FestivalService.swift in Sources */ = {isa = PBXBuildFile; fileRef = AA000000000000000000141 /* FestivalService.swift */; };
		AA000000000000000000152 /* NotificationService.swift in Sources */ = {isa = PBXBuildFile; fileRef = AA000000000000000000151 /* NotificationService.swift */; };
		AA000000000000000000162 /* festivals.json in Resources */ = {isa = PBXBuildFile; fileRef = AA000000000000000000161 /* festivals.json */; };
/* End PBXBuildFile section */

/* Begin PBXFileReference section */
		AA000000000000000000040 /* PanchangApp.swift */ = {isa = PBXFileReference; lastKnownFileType = sourcecode.swift; path = PanchangApp.swift; sourceTree = "<group>"; };
		AA000000000000000000042 /* TodayView.swift */ = {isa = PBXFileReference; lastKnownFileType = sourcecode.swift; path = TodayView.swift; sourceTree = "<group>"; };
		AA000000000000000000044 /* Assets.xcassets */ = {isa = PBXFileReference; lastKnownFileType = folder.assetcatalog; path = Assets.xcassets; sourceTree = "<group>"; };
		AA000000000000000000060 /* PanchangApp.app */ = {isa = PBXFileReference; explicitFileType = wrapper.application; includeInIndex = 0; path = PanchangApp.app; sourceTree = BUILT_PRODUCTS_DIR; };
		AA000000000000000000090 /* Signing.xcconfig */ = {isa = PBXFileReference; lastKnownFileType = text.xcconfig; path = Signing.xcconfig; sourceTree = "<group>"; };
		AA0000000000000000000A1 /* AppModels.swift */ = {isa = PBXFileReference; lastKnownFileType = sourcecode.swift; path = AppModels.swift; sourceTree = "<group>"; };
		AA0000000000000000000B1 /* PanchangService.swift */ = {isa = PBXFileReference; lastKnownFileType = sourcecode.swift; path = PanchangService.swift; sourceTree = "<group>"; };
		AA0000000000000000000C1 /* TodayViewModel.swift */ = {isa = PBXFileReference; lastKnownFileType = sourcecode.swift; path = TodayViewModel.swift; sourceTree = "<group>"; };
		AA0000000000000000000D1 /* CalendarViewModel.swift */ = {isa = PBXFileReference; lastKnownFileType = sourcecode.swift; path = CalendarViewModel.swift; sourceTree = "<group>"; };
		AA0000000000000000000E1 /* CalendarView.swift */ = {isa = PBXFileReference; lastKnownFileType = sourcecode.swift; path = CalendarView.swift; sourceTree = "<group>"; };
		AA0000000000000000000F1 /* DayCell.swift */ = {isa = PBXFileReference; lastKnownFileType = sourcecode.swift; path = DayCell.swift; sourceTree = "<group>"; };
		AA000000000000000000101 /* DayDetailView.swift */ = {isa = PBXFileReference; lastKnownFileType = sourcecode.swift; path = DayDetailView.swift; sourceTree = "<group>"; };
		AA000000000000000000111 /* LocationManager.swift */ = {isa = PBXFileReference; lastKnownFileType = sourcecode.swift; path = LocationManager.swift; sourceTree = "<group>"; };
		AA000000000000000000121 /* LocationSearchView.swift */ = {isa = PBXFileReference; lastKnownFileType = sourcecode.swift; path = LocationSearchView.swift; sourceTree = "<group>"; };
		AA000000000000000000131 /* SettingsView.swift */ = {isa = PBXFileReference; lastKnownFileType = sourcecode.swift; path = SettingsView.swift; sourceTree = "<group>"; };
		AA000000000000000000141 /* FestivalService.swift */ = {isa = PBXFileReference; lastKnownFileType = sourcecode.swift; path = FestivalService.swift; sourceTree = "<group>"; };
		AA000000000000000000151 /* NotificationService.swift */ = {isa = PBXFileReference; lastKnownFileType = sourcecode.swift; path = NotificationService.swift; sourceTree = "<group>"; };
		AA000000000000000000161 /* festivals.json */ = {isa = PBXFileReference; lastKnownFileType = text.json; path = festivals.json; sourceTree = "<group>"; };
/* End PBXFileReference section */

/* Begin PBXFrameworksBuildPhase section */
		AA000000000000000000032 /* Frameworks */ = {
			isa = PBXFrameworksBuildPhase;
			buildActionMask = 2147483647;
			files = (
				AA000000000000000000082 /* PanchangKit in Frameworks */,
			);
			runOnlyForDeploymentPostprocessing = 0;
		};
/* End PBXFrameworksBuildPhase section */

/* Begin PBXGroup section */
		AA000000000000000000002 /* = */ = {
			isa = PBXGroup;
			children = (
				AA000000000000000000050 /* PanchangApp */,
				AA000000000000000000090 /* Signing.xcconfig */,
				AA000000000000000000003 /* Products */,
			);
			sourceTree = "<group>";
		};
		AA000000000000000000003 /* Products */ = {
			isa = PBXGroup;
			children = (
				AA000000000000000000060 /* PanchangApp.app */,
			);
			name = Products;
			sourceTree = "<group>";
		};
		AA000000000000000000050 /* PanchangApp */ = {
			isa = PBXGroup;
			children = (
				AA000000000000000000051 /* App */,
				AA000000000000000000052 /* Features */,
				AA0000000000000000000D0 /* Models */,
				AA0000000000000000000E0 /* Services */,
				AA000000000000000000044 /* Assets.xcassets */,
				AA000000000000000000160 /* Festivals */,
			);
			path = PanchangApp;
			sourceTree = "<group>";
		};
		AA000000000000000000051 /* App */ = {
			isa = PBXGroup;
			children = (
				AA000000000000000000040 /* PanchangApp.swift */,
			);
			path = App;
			sourceTree = "<group>";
		};
		AA000000000000000000052 /* Features */ = {
			isa = PBXGroup;
			children = (
				AA000000000000000000053 /* Today */,
				AA000000000000000000054 /* Calendar */,
				AA000000000000000000055 /* Settings */,
				AA000000000000000000150 /* Notifications */,
			);
			path = Features;
			sourceTree = "<group>";
		};
		AA000000000000000000053 /* Today */ = {
			isa = PBXGroup;
			children = (
				AA000000000000000000042 /* TodayView.swift */,
				AA0000000000000000000C1 /* TodayViewModel.swift */,
			);
			path = Today;
			sourceTree = "<group>";
		};
		AA000000000000000000054 /* Calendar */ = {
			isa = PBXGroup;
			children = (
				AA0000000000000000000D1 /* CalendarViewModel.swift */,
				AA0000000000000000000E1 /* CalendarView.swift */,
				AA0000000000000000000F1 /* DayCell.swift */,
				AA000000000000000000101 /* DayDetailView.swift */,
			);
			path = Calendar;
			sourceTree = "<group>";
		};
		AA000000000000000000055 /* Settings */ = {
			isa = PBXGroup;
			children = (
				AA000000000000000000111 /* LocationManager.swift */,
				AA000000000000000000121 /* LocationSearchView.swift */,
				AA000000000000000000131 /* SettingsView.swift */,
			);
			path = Settings;
			sourceTree = "<group>";
		};
		AA0000000000000000000D0 /* Models */ = {
			isa = PBXGroup;
			children = (
				AA0000000000000000000A1 /* AppModels.swift */,
			);
			path = Models;
			sourceTree = "<group>";
		};
		AA0000000000000000000E0 /* Services */ = {
			isa = PBXGroup;
			children = (
				AA0000000000000000000F0 /* PanchangService */,
				AA000000000000000000140 /* FestivalService */,
			);
			path = Services;
			sourceTree = "<group>";
		};
		AA0000000000000000000F0 /* PanchangService */ = {
			isa = PBXGroup;
			children = (
				AA0000000000000000000B1 /* PanchangService.swift */,
			);
			path = PanchangService;
			sourceTree = "<group>";
		};
		AA000000000000000000140 /* FestivalService */ = {
			isa = PBXGroup;
			children = (
				AA000000000000000000141 /* FestivalService.swift */,
			);
			path = FestivalService;
			sourceTree = "<group>";
		};
		AA000000000000000000150 /* Notifications */ = {
			isa = PBXGroup;
			children = (
				AA000000000000000000151 /* NotificationService.swift */,
			);
			path = Notifications;
			sourceTree = "<group>";
		};
		AA000000000000000000160 /* Festivals */ = {
			isa = PBXGroup;
			children = (
				AA000000000000000000161 /* festivals.json */,
			);
			path = Resources/Festivals;
			sourceTree = "<group>";
		};
/* End PBXGroup section */

/* Begin PBXNativeTarget section */
		AA000000000000000000010 /* PanchangApp */ = {
			isa = PBXNativeTarget;
			buildConfigurationList = AA000000000000000000011 /* Build configuration list for PBXNativeTarget "PanchangApp" */;
			buildPhases = (
				AA000000000000000000030 /* Sources */,
				AA000000000000000000031 /* Resources */,
				AA000000000000000000032 /* Frameworks */,
			);
			buildRules = (
			);
			dependencies = (
			);
			name = PanchangApp;
			packageProductDependencies = (
				AA000000000000000000081 /* PanchangKit */,
			);
			productName = PanchangApp;
			productReference = AA000000000000000000060 /* PanchangApp.app */;
			productType = "com.apple.product-type.application";
		};
/* End PBXNativeTarget section */

/* Begin PBXProject section */
		AA000000000000000000001 /* Project object */ = {
			isa = PBXProject;
			attributes = {
				BuildIndependentTargetsInParallel = 1;
				LastSwiftUpdateCheck = 1600;
				LastUpgradeCheck = 1600;
				TargetAttributes = {
					AA000000000000000000010 = {
						CreatedOnToolsVersion = 16.0;
					};
				};
			};
			buildConfigurationList = AA000000000000000000020 /* Build configuration list for PBXProject "PanchangApp" */;
			compatibilityVersion = "Xcode 14.0";
			developmentRegion = en;
			hasScannedForEncodings = 0;
			knownRegions = (
				en,
				Base,
			);
			mainGroup = AA000000000000000000002;
			packageReferences = (
				AA000000000000000000080 /* XCLocalSwiftPackageReference "PanchangKit" */,
			);
			productRefGroup = AA000000000000000000003 /* Products */;
			projectDirPath = "";
			projectRoot = "";
			targets = (
				AA000000000000000000010 /* PanchangApp */,
			);
		};
/* End PBXProject section */

/* Begin PBXResourcesBuildPhase section */
		AA000000000000000000031 /* Resources */ = {
			isa = PBXResourcesBuildPhase;
			buildActionMask = 2147483647;
			files = (
				AA000000000000000000045 /* Assets.xcassets in Resources */,
				AA000000000000000000162 /* festivals.json in Resources */,
			);
			runOnlyForDeploymentPostprocessing = 0;
		};
/* End PBXResourcesBuildPhase section */

/* Begin PBXSourcesBuildPhase section */
		AA000000000000000000030 /* Sources */ = {
			isa = PBXSourcesBuildPhase;
			buildActionMask = 2147483647;
			files = (
				AA000000000000000000041 /* PanchangApp.swift in Sources */,
				AA000000000000000000043 /* TodayView.swift in Sources */,
				AA0000000000000000000A2 /* AppModels.swift in Sources */,
				AA0000000000000000000B2 /* PanchangService.swift in Sources */,
				AA0000000000000000000C2 /* TodayViewModel.swift in Sources */,
				AA0000000000000000000D2 /* CalendarViewModel.swift in Sources */,
				AA0000000000000000000E2 /* CalendarView.swift in Sources */,
				AA0000000000000000000F2 /* DayCell.swift in Sources */,
				AA000000000000000000102 /* DayDetailView.swift in Sources */,
				AA000000000000000000112 /* LocationManager.swift in Sources */,
				AA000000000000000000122 /* LocationSearchView.swift in Sources */,
				AA000000000000000000132 /* SettingsView.swift in Sources */,
				AA000000000000000000142 /* FestivalService.swift in Sources */,
				AA000000000000000000152 /* NotificationService.swift in Sources */,
			);
			runOnlyForDeploymentPostprocessing = 0;
		};
/* End PBXSourcesBuildPhase section */

/* Begin XCBuildConfiguration section */
		AA000000000000000000012 /* Debug */ = {
			isa = XCBuildConfiguration;
			baseConfigurationReference = AA000000000000000000090 /* Signing.xcconfig */;
			buildSettings = {
				ASSETCATALOG_COMPILER_APPICON_NAME = AppIcon;
				ASSETCATALOG_COMPILER_GLOBAL_ACCENT_COLOR_NAME = AccentColor;
				CODE_SIGN_STYLE = Automatic;
				CURRENT_PROJECT_VERSION = 1;
				GENERATE_INFOPLIST_FILE = YES;
				INFOPLIST_KEY_NSLocationWhenInUseUsageDescription = "Panchang needs your location to calculate sunrise times and accurate panchang for your area.";
				INFOPLIST_KEY_UIApplicationSceneManifest_Generation = YES;
				INFOPLIST_KEY_UILaunchScreen_Generation = YES;
				INFOPLIST_KEY_UISupportedInterfaceOrientations_iPad = "UIInterfaceOrientationLandscapeLeft UIInterfaceOrientationLandscapeRight UIInterfaceOrientationPortrait UIInterfaceOrientationPortraitUpsideDown";
				INFOPLIST_KEY_UISupportedInterfaceOrientations_iPhone = "UIInterfaceOrientationLandscapeLeft UIInterfaceOrientationLandscapeRight UIInterfaceOrientationPortrait";
				IPHONEOS_DEPLOYMENT_TARGET = 17.0;
				MARKETING_VERSION = 1.0;
				PRODUCT_BUNDLE_IDENTIFIER = "com.owner.panchang";
				PRODUCT_NAME = "$(TARGET_NAME)";
				SWIFT_EMIT_LOC_STRINGS = YES;
				SWIFT_STRICT_CONCURRENCY = complete;
				SWIFT_VERSION = 6.0;
				TARGETED_DEVICE_FAMILY = "1,2";
			};
			name = Debug;
		};
		AA000000000000000000013 /* Release */ = {
			isa = XCBuildConfiguration;
			baseConfigurationReference = AA000000000000000000090 /* Signing.xcconfig */;
			buildSettings = {
				ASSETCATALOG_COMPILER_APPICON_NAME = AppIcon;
				ASSETCATALOG_COMPILER_GLOBAL_ACCENT_COLOR_NAME = AccentColor;
				CODE_SIGN_STYLE = Automatic;
				CURRENT_PROJECT_VERSION = 1;
				GENERATE_INFOPLIST_FILE = YES;
				INFOPLIST_KEY_NSLocationWhenInUseUsageDescription = "Panchang needs your location to calculate sunrise times and accurate panchang for your area.";
				INFOPLIST_KEY_UIApplicationSceneManifest_Generation = YES;
				INFOPLIST_KEY_UILaunchScreen_Generation = YES;
				INFOPLIST_KEY_UISupportedInterfaceOrientations_iPad = "UIInterfaceOrientationLandscapeLeft UIInterfaceOrientationLandscapeRight UIInterfaceOrientationPortrait UIInterfaceOrientationPortraitUpsideDown";
				INFOPLIST_KEY_UISupportedInterfaceOrientations_iPhone = "UIInterfaceOrientationLandscapeLeft UIInterfaceOrientationLandscapeRight UIInterfaceOrientationPortrait";
				IPHONEOS_DEPLOYMENT_TARGET = 17.0;
				MARKETING_VERSION = 1.0;
				PRODUCT_BUNDLE_IDENTIFIER = "com.owner.panchang";
				PRODUCT_NAME = "$(TARGET_NAME)";
				SWIFT_EMIT_LOC_STRINGS = YES;
				SWIFT_STRICT_CONCURRENCY = complete;
				SWIFT_VERSION = 6.0;
				TARGETED_DEVICE_FAMILY = "1,2";
				VALIDATE_PRODUCT = YES;
			};
			name = Release;
		};
		AA000000000000000000021 /* Debug */ = {
			isa = XCBuildConfiguration;
			buildSettings = {
				ALWAYS_SEARCH_USER_PATHS = NO;
				CLANG_ANALYZER_NONNULL = YES;
				CLANG_CXX_LANGUAGE_STANDARD = "gnu++20";
				CLANG_ENABLE_MODULES = YES;
				CLANG_ENABLE_OBJC_ARC = YES;
				CLANG_ENABLE_OBJC_WEAK = YES;
				CLANG_WARN_BLOCK_CAPTURE_AUTORELEASING = YES;
				CLANG_WARN_BOOL_CONVERSION = YES;
				CLANG_WARN_COMMA = YES;
				CLANG_WARN_CONSTANT_CONVERSION = YES;
				CLANG_WARN_DEPRECATED_OBJC_IMPLEMENTATIONS = YES;
				CLANG_WARN_DIRECT_OBJC_ISA_USAGE = YES_ERROR;
				CLANG_WARN_DOCUMENTATION_COMMENTS = YES;
				CLANG_WARN_EMPTY_BODY = YES;
				CLANG_WARN_ENUM_CONVERSION = YES;
				CLANG_WARN_INFINITE_RECURSION = YES;
				CLANG_WARN_INT_CONVERSION = YES;
				CLANG_WARN_NON_LITERAL_NULL_CONVERSION = YES;
				CLANG_WARN_OBJC_IMPLICIT_RETAIN_CYCLE = YES;
				CLANG_WARN_OBJC_LITERAL_CONVERSION = YES;
				CLANG_WARN_OBJC_ROOT_CLASS = YES_ERROR;
				CLANG_WARN_QUOTED_INCLUDE_IN_FRAMEWORK_HEADER = YES;
				CLANG_WARN_RANGE_LOOP_ANALYSIS = YES;
				CLANG_WARN_STRICT_PROTOTYPES = YES;
				CLANG_WARN_SUSPICIOUS_MOVE = YES;
				CLANG_WARN_UNGUARDED_AVAILABILITY = YES_AGGRESSIVE;
				CLANG_WARN_UNREACHABLE_CODE = YES;
				CLANG_WARN__DUPLICATE_METHOD_MATCH = YES;
				COPY_PHASE_STRIP = NO;
				DEBUG_INFORMATION_FORMAT = dwarf;
				ENABLE_STRICT_OBJC_MSGSEND = YES;
				ENABLE_TESTABILITY = YES;
				GCC_C_LANGUAGE_STANDARD = gnu17;
				GCC_DYNAMIC_NO_PIC = NO;
				GCC_NO_COMMON_BLOCKS = YES;
				GCC_OPTIMIZATION_LEVEL = 0;
				GCC_PREPROCESSOR_DEFINITIONS = (
					"DEBUG=1",
					"$(inherited)",
				);
				GCC_WARN_64_TO_32_BIT_CONVERSION = YES;
				GCC_WARN_ABOUT_RETURN_TYPE = YES_ERROR;
				GCC_WARN_UNDECLARED_SELECTOR = YES;
				GCC_WARN_UNINITIALIZED_AUTOS = YES_AGGRESSIVE;
				GCC_WARN_UNUSED_FUNCTION = YES;
				GCC_WARN_UNUSED_VARIABLE = YES;
				IPHONEOS_DEPLOYMENT_TARGET = 17.0;
				MTL_ENABLE_DEBUG_INFO = INCLUDE_SOURCE;
				MTL_FAST_MATH = YES;
				ONLY_ACTIVE_ARCH = YES;
				SDKROOT = iphoneos;
				SWIFT_ACTIVE_COMPILATION_CONDITIONS = DEBUG;
				SWIFT_OPTIMIZATION_LEVEL = "-Onone";
			};
			name = Debug;
		};
		AA000000000000000000022 /* Release */ = {
			isa = XCBuildConfiguration;
			buildSettings = {
				ALWAYS_SEARCH_USER_PATHS = NO;
				CLANG_ANALYZER_NONNULL = YES;
				CLANG_CXX_LANGUAGE_STANDARD = "gnu++20";
				CLANG_ENABLE_MODULES = YES;
				CLANG_ENABLE_OBJC_ARC = YES;
				CLANG_ENABLE_OBJC_WEAK = YES;
				CLANG_WARN_BLOCK_CAPTURE_AUTORELEASING = YES;
				CLANG_WARN_BOOL_CONVERSION = YES;
				CLANG_WARN_COMMA = YES;
				CLANG_WARN_CONSTANT_CONVERSION = YES;
				CLANG_WARN_DEPRECATED_OBJC_IMPLEMENTATIONS = YES;
				CLANG_WARN_DIRECT_OBJC_ISA_USAGE = YES_ERROR;
				CLANG_WARN_DOCUMENTATION_COMMENTS = YES;
				CLANG_WARN_EMPTY_BODY = YES;
				CLANG_WARN_ENUM_CONVERSION = YES;
				CLANG_WARN_INFINITE_RECURSION = YES;
				CLANG_WARN_INT_CONVERSION = YES;
				CLANG_WARN_NON_LITERAL_NULL_CONVERSION = YES;
				CLANG_WARN_OBJC_IMPLICIT_RETAIN_CYCLE = YES;
				CLANG_WARN_OBJC_LITERAL_CONVERSION = YES;
				CLANG_WARN_OBJC_ROOT_CLASS = YES_ERROR;
				CLANG_WARN_QUOTED_INCLUDE_IN_FRAMEWORK_HEADER = YES;
				CLANG_WARN_RANGE_LOOP_ANALYSIS = YES;
				CLANG_WARN_STRICT_PROTOTYPES = YES;
				CLANG_WARN_SUSPICIOUS_MOVE = YES;
				CLANG_WARN_UNGUARDED_AVAILABILITY = YES_AGGRESSIVE;
				CLANG_WARN_UNREACHABLE_CODE = YES;
				CLANG_WARN__DUPLICATE_METHOD_MATCH = YES;
				COPY_PHASE_STRIP = NO;
				DEBUG_INFORMATION_FORMAT = "dwarf-with-dsym";
				ENABLE_NS_ASSERTIONS = NO;
				ENABLE_STRICT_OBJC_MSGSEND = YES;
				GCC_C_LANGUAGE_STANDARD = gnu17;
				GCC_NO_COMMON_BLOCKS = YES;
				GCC_WARN_64_TO_32_BIT_CONVERSION = YES;
				GCC_WARN_ABOUT_RETURN_TYPE = YES_ERROR;
				GCC_WARN_UNDECLARED_SELECTOR = YES;
				GCC_WARN_UNINITIALIZED_AUTOS = YES_AGGRESSIVE;
				GCC_WARN_UNUSED_FUNCTION = YES;
				GCC_WARN_UNUSED_VARIABLE = YES;
				IPHONEOS_DEPLOYMENT_TARGET = 17.0;
				MTL_FAST_MATH = YES;
				SDKROOT = iphoneos;
				SWIFT_COMPILATION_MODE = wholemodule;
				SWIFT_OPTIMIZATION_LEVEL = "-O";
			};
			name = Release;
		};
/* End XCBuildConfiguration section */

/* Begin XCConfigurationList section */
		AA000000000000000000011 /* Build configuration list for PBXNativeTarget "PanchangApp" */ = {
			isa = XCConfigurationList;
			buildConfigurations = (
				AA000000000000000000012 /* Debug */,
				AA000000000000000000013 /* Release */,
			);
			defaultConfigurationIsVisible = 0;
			defaultConfigurationName = Release;
		};
		AA000000000000000000020 /* Build configuration list for PBXProject "PanchangApp" */ = {
			isa = XCConfigurationList;
			buildConfigurations = (
				AA000000000000000000021 /* Debug */,
				AA000000000000000000022 /* Release */,
			);
			defaultConfigurationIsVisible = 0;
			defaultConfigurationName = Release;
		};
/* End XCConfigurationList section */

/* Begin XCLocalSwiftPackageReference section */
		AA000000000000000000080 /* XCLocalSwiftPackageReference "PanchangKit" */ = {
			isa = XCLocalSwiftPackageReference;
			relativePath = PanchangKit;
		};
/* End XCLocalSwiftPackageReference section */

/* Begin XCSwiftPackageProductDependency section */
		AA000000000000000000081 /* PanchangKit */ = {
			isa = XCSwiftPackageProductDependency;
			package = AA000000000000000000080 /* XCLocalSwiftPackageReference "PanchangKit" */;
			productName = PanchangKit;
		};
/* End XCSwiftPackageProductDependency section */

	};
	rootObject = AA000000000000000000001 /* Project object */;
}
